
Microsoft Visual Studio Solution File, Format Version 11.00
# Visual Studio 2010
Project("{FAE04EC0-301F-11D3-BF4B-00C04F79EFBC}") = "FlyoutComponent", "FlyoutComponent\FlyoutComponent.csproj", "{13825459-6AF4-4DC2-AFCF-D7005DC5A510}"
EndProject
Global
	GlobalSection(SolutionConfigurationPlatforms) = preSolution
		Debug|iPhoneSimulator = Debug|iPhoneSimulator
		Release|iPhoneSimulator = Release|iPhoneSimulator
		Debug|iPhone = Debug|iPhone
		Release|iPhone = Release|iPhone
		Ad-Hoc|iPhone = Ad-Hoc|iPhone
		AppStore|iPhone = AppStore|iPhone
	EndGlobalSection
	GlobalSection(ProjectConfigurationPlatforms) = postSolution
		{13825459-6AF4-4DC2-AFCF-D7005DC5A510}.Ad-Hoc|iPhone.ActiveCfg = Ad-Hoc|iPhone
		{13825459-6AF4-4DC2-AFCF-D7005DC5A510}.Ad-Hoc|iPhone.Build.0 = Ad-Hoc|iPhone
		{13825459-6AF4-4DC2-AFCF-D7005DC5A510}.AppStore|iPhone.ActiveCfg = AppStore|iPhone
		{13825459-6AF4-4DC2-AFCF-D7005DC5A510}.AppStore|iPhone.Build.0 = AppStore|iPhone
		{13825459-6AF4-4DC2-AFCF-D7005DC5A510}.Debug|iPhone.ActiveCfg = Debug|iPhone
		{13825459-6AF4-4DC2-AFCF-D7005DC5A510}.Debug|iPhone.Build.0 = Debug|iPhone
		{13825459-6AF4-4DC2-AFCF-D7005DC5A510}.Debug|iPhoneSimulator.ActiveCfg = Debug|iPhoneSimulator
		{13825459-6AF4-4DC2-AFCF-D7005DC5A510}.Debug|iPhoneSimulator.Build.0 = Debug|iPhoneSimulator
		{13825459-6AF4-4DC2-AFCF-D7005DC5A510}.Release|iPhone.ActiveCfg = Release|iPhone
		{13825459-6AF4-4DC2-AFCF-D7005DC5A510}.Release|iPhone.Build.0 = Release|iPhone
		{13825459-6AF4-4DC2-AFCF-D7005DC5A510}.Release|iPhoneSimulator.ActiveCfg = Release|iPhoneSimulator
		{13825459-6AF4-4DC2-AFCF-D7005DC5A510}.Release|iPhoneSimulator.Build.0 = Release|iPhoneSimulator
	EndGlobalSection
	GlobalSection(MonoDevelopProperties) = preSolution
		StartupItem = FlyoutComponent\FlyoutComponent.csproj
	EndGlobalSection
EndGlobal
