
Microsoft Visual Studio Solution File, Format Version 11.00
# Visual Studio 2010
Project("{FAE04EC0-301F-11D3-BF4B-00C04F79EFBC}") = "ImageFromWeb", "ImageFromWeb\ImageFromWeb.csproj", "{CC441D2E-D30D-4C1B-AE36-26C811C486E4}"
EndProject
Global
	GlobalSection(SolutionConfigurationPlatforms) = preSolution
		Debug|iPhoneSimulator = Debug|iPhoneSimulator
		Release|iPhoneSimulator = Release|iPhoneSimulator
		Debug|iPhone = Debug|iPhone
		Release|iPhone = Release|iPhone
		Ad-Hoc|iPhone = Ad-Hoc|iPhone
		AppStore|iPhone = AppStore|iPhone
	EndGlobalSection
	GlobalSection(ProjectConfigurationPlatforms) = postSolution
		{CC441D2E-D30D-4C1B-AE36-26C811C486E4}.Ad-Hoc|iPhone.ActiveCfg = Ad-Hoc|iPhone
		{CC441D2E-D30D-4C1B-AE36-26C811C486E4}.Ad-Hoc|iPhone.Build.0 = Ad-Hoc|iPhone
		{CC441D2E-D30D-4C1B-AE36-26C811C486E4}.AppStore|iPhone.ActiveCfg = AppStore|iPhone
		{CC441D2E-D30D-4C1B-AE36-26C811C486E4}.AppStore|iPhone.Build.0 = AppStore|iPhone
		{CC441D2E-D30D-4C1B-AE36-26C811C486E4}.Debug|iPhone.ActiveCfg = Debug|iPhone
		{CC441D2E-D30D-4C1B-AE36-26C811C486E4}.Debug|iPhone.Build.0 = Debug|iPhone
		{CC441D2E-D30D-4C1B-AE36-26C811C486E4}.Debug|iPhoneSimulator.ActiveCfg = Debug|iPhoneSimulator
		{CC441D2E-D30D-4C1B-AE36-26C811C486E4}.Debug|iPhoneSimulator.Build.0 = Debug|iPhoneSimulator
		{CC441D2E-D30D-4C1B-AE36-26C811C486E4}.Release|iPhone.ActiveCfg = Release|iPhone
		{CC441D2E-D30D-4C1B-AE36-26C811C486E4}.Release|iPhone.Build.0 = Release|iPhone
		{CC441D2E-D30D-4C1B-AE36-26C811C486E4}.Release|iPhoneSimulator.ActiveCfg = Release|iPhoneSimulator
		{CC441D2E-D30D-4C1B-AE36-26C811C486E4}.Release|iPhoneSimulator.Build.0 = Release|iPhoneSimulator
	EndGlobalSection
	GlobalSection(MonoDevelopProperties) = preSolution
		StartupItem = ImageFromWeb\ImageFromWeb.csproj
	EndGlobalSection
EndGlobal
